
Microsoft Visual Studio Solution File, Format Version 12.00
# Visual Studio Version 17
VisualStudioVersion = 17.2.32630.192
MinimumVisualStudioVersion = 10.0.40219.1
Project("{FAE04EC0-301F-11D3-BF4B-00C04F79EFBC}") = "ReadVault", "ReadVault\ReadVault.csproj", "{500E6691-6EE6-46C5-83B1-4C2F8D2D44EB}"
EndProject
Global
	GlobalSection(SolutionConfigurationPlatforms) = preSolution
		Debug|Any CPU = Debug|Any CPU
		Release|Any CPU = Release|Any CPU
	EndGlobalSection
	GlobalSection(ProjectConfigurationPlatforms) = postSolution
		{500E6691-6EE6-46C5-83B1-4C2F8D2D44EB}.Debug|Any CPU.ActiveCfg = Debug|Any CPU
		{500E6691-6EE6-46C5-83B1-4C2F8D2D44EB}.Debug|Any CPU.Build.0 = Debug|Any CPU
		{500E6691-6EE6-46C5-83B1-4C2F8D2D44EB}.Release|Any CPU.ActiveCfg = Release|Any CPU
		{500E6691-6EE6-46C5-83B1-4C2F8D2D44EB}.Release|Any CPU.Build.0 = Release|Any CPU
	EndGlobalSection
	GlobalSection(SolutionProperties) = preSolution
		HideSolutionNode = FALSE
	EndGlobalSection
	GlobalSection(ExtensibilityGlobals) = postSolution
		SolutionGuid = {4EE6ECE4-F2A6-4139-BD7C-3E657DEA3381}
	EndGlobalSection
EndGlobal
